// !$*UTF8*$!
{
	archiveVersion = 1;
	classes = {
	};
	objectVersion = 56;
	objects = {

/* Begin PBXBuildFile section */
		F65727F329E1A7DB00FA7B57 /* FoodContentsView.swift in Sources */ = {isa = PBXBuildFile; fileRef = F65727F229E1A7DB00FA7B57 /* FoodContentsView.swift */; };
		F65727F529E1ABBF00FA7B57 /* MealsStatView.swift in Sources */ = {isa = PBXBuildFile; fileRef = F65727F429E1ABBF00FA7B57 /* MealsStatView.swift */; };
		F65727F729E1B84500FA7B57 /* ProgressView.swift in Sources */ = {isa = PBXBuildFile; fileRef = F65727F629E1B84500FA7B57 /* ProgressView.swift */; };
		F65727F929E2DF1300FA7B57 /* ArcProgressBarView.swift in Sources */ = {isa = PBXBuildFile; fileRef = F65727F829E2DF1300FA7B57 /* ArcProgressBarView.swift */; };
		F65727FB29E2F20300FA7B57 /* RoundProgressBarView.swift in Sources */ = {isa = PBXBuildFile; fileRef = F65727FA29E2F20300FA7B57 /* RoundProgressBarView.swift */; };
		F65727FF29E44B6E00FA7B57 /* Atlantis in Frameworks */ = {isa = PBXBuildFile; productRef = F65727FE29E44B6E00FA7B57 /* Atlantis */; };
		F65F9D2A29EDBED800CBF1D2 /* DishInfoCollectionViewCell.swift in Sources */ = {isa = PBXBuildFile; fileRef = F65F9D2929EDBED800CBF1D2 /* DishInfoCollectionViewCell.swift */; };
		F65F9D2C29EDCB3500CBF1D2 /* PopularMenusHeaderCell.swift in Sources */ = {isa = PBXBuildFile; fileRef = F65F9D2B29EDCB3500CBF1D2 /* PopularMenusHeaderCell.swift */; };
		F6622A4D29D22AD80097694F /* FFDailyStatCollectionViewCell.swift in Sources */ = {isa = PBXBuildFile; fileRef = F6622A4C29D22AD80097694F /* FFDailyStatCollectionViewCell.swift */; };
		F6622A4F29D22BF50097694F /* FFDailyWaterStatCollectionViewCell.swift in Sources */ = {isa = PBXBuildFile; fileRef = F6622A4E29D22BF50097694F /* FFDailyWaterStatCollectionViewCell.swift */; };
		F6622A5129D22C240097694F /* FFDailyStepsStatCollectionViewCell.swift in Sources */ = {isa = PBXBuildFile; fileRef = F6622A5029D22C240097694F /* FFDailyStepsStatCollectionViewCell.swift */; };
		F6622A5329D22C5B0097694F /* FFDailyFastingTimerCollectionViewCell.swift in Sources */ = {isa = PBXBuildFile; fileRef = F6622A5229D22C5B0097694F /* FFDailyFastingTimerCollectionViewCell.swift */; };
		F69E69A629F046F10032068E /* FFButton.swift in Sources */ = {isa = PBXBuildFile; fileRef = F69E69A529F046F10032068E /* FFButton.swift */; };
		F69E69A929F04CCB0032068E /* Meals.swift in Sources */ = {isa = PBXBuildFile; fileRef = F69E69A829F04CCB0032068E /* Meals.swift */; };
		F69E69AB29F0599E0032068E /* HeaderCollectionViewCell.swift in Sources */ = {isa = PBXBuildFile; fileRef = F69E69AA29F0599E0032068E /* HeaderCollectionViewCell.swift */; };
		F69E69AD29F061080032068E /* RecipesCategoriesCollectionViewCell.swift in Sources */ = {isa = PBXBuildFile; fileRef = F69E69AC29F061080032068E /* RecipesCategoriesCollectionViewCell.swift */; };
		F69E69B029F06B770032068E /* ProductInfoTableViewCell.swift in Sources */ = {isa = PBXBuildFile; fileRef = F69E69AF29F06B770032068E /* ProductInfoTableViewCell.swift */; };
		F6B700EB297199390066B975 /* AppDelegate.swift in Sources */ = {isa = PBXBuildFile; fileRef = F6B700EA297199390066B975 /* AppDelegate.swift */; };
		F6B700ED297199390066B975 /* SceneDelegate.swift in Sources */ = {isa = PBXBuildFile; fileRef = F6B700EC297199390066B975 /* SceneDelegate.swift */; };
		F6B700EF297199390066B975 /* FFDailyViewController.swift in Sources */ = {isa = PBXBuildFile; fileRef = F6B700EE297199390066B975 /* FFDailyViewController.swift */; };
		F6B700F42971993B0066B975 /* Assets.xcassets in Resources */ = {isa = PBXBuildFile; fileRef = F6B700F32971993B0066B975 /* Assets.xcassets */; };
		F6B700F72971993B0066B975 /* LaunchScreen.storyboard in Resources */ = {isa = PBXBuildFile; fileRef = F6B700F52971993B0066B975 /* LaunchScreen.storyboard */; };
		F6B7010529719B900066B975 /* FFTabBarController.swift in Sources */ = {isa = PBXBuildFile; fileRef = F6B7010429719B900066B975 /* FFTabBarController.swift */; };
		F6B701072971A0E60066B975 /* FFRecipesViewController.swift in Sources */ = {isa = PBXBuildFile; fileRef = F6B701062971A0E60066B975 /* FFRecipesViewController.swift */; };
		F6B701092971A1590066B975 /* FFAddingViewController.swift in Sources */ = {isa = PBXBuildFile; fileRef = F6B701082971A1590066B975 /* FFAddingViewController.swift */; };
		F6B7010B2971A18B0066B975 /* FFFastingViewController.swift in Sources */ = {isa = PBXBuildFile; fileRef = F6B7010A2971A18B0066B975 /* FFFastingViewController.swift */; };
		F6B7010D2971A1C70066B975 /* FFSettingsViewController.swift in Sources */ = {isa = PBXBuildFile; fileRef = F6B7010C2971A1C70066B975 /* FFSettingsViewController.swift */; };
		F6B701122971A4E90066B975 /* Colors.xcassets in Resources */ = {isa = PBXBuildFile; fileRef = F6B701112971A4E90066B975 /* Colors.xcassets */; };
		F6B701162971A7520066B975 /* UIView+ext.swift in Sources */ = {isa = PBXBuildFile; fileRef = F6B701152971A7520066B975 /* UIView+ext.swift */; };
		F6B701192971A82F0066B975 /* SnapKit in Frameworks */ = {isa = PBXBuildFile; productRef = F6B701182971A82F0066B975 /* SnapKit */; };
		F6B7011B2974727B0066B975 /* FFCalendarCollectionView.swift in Sources */ = {isa = PBXBuildFile; fileRef = F6B7011A2974727B0066B975 /* FFCalendarCollectionView.swift */; };
		F6B7011E297475280066B975 /* FFCalendarCollectionViewCell.swift in Sources */ = {isa = PBXBuildFile; fileRef = F6B7011D297475280066B975 /* FFCalendarCollectionViewCell.swift */; };
		F6B701202974A1FE0066B975 /* Date+ext.swift in Sources */ = {isa = PBXBuildFile; fileRef = F6B7011F2974A1FE0066B975 /* Date+ext.swift */; };
		F6B701222974A2B90066B975 /* FFCalendarModel.swift in Sources */ = {isa = PBXBuildFile; fileRef = F6B701212974A2B90066B975 /* FFCalendarModel.swift */; };
		F6B701262974A4030066B975 /* FFDateModel.swift in Sources */ = {isa = PBXBuildFile; fileRef = F6B701252974A4030066B975 /* FFDateModel.swift */; };
		F6EFDA17298188D200FC3CCB /* FFBaseViewController.swift in Sources */ = {isa = PBXBuildFile; fileRef = F6EFDA16298188D200FC3CCB /* FFBaseViewController.swift */; };
		F6EFDA1B2981C11C00FC3CCB /* GoogleService-Info.plist in Resources */ = {isa = PBXBuildFile; fileRef = F6EFDA1A2981C11C00FC3CCB /* GoogleService-Info.plist */; };
		F6EFDA1E2981C2F300FC3CCB /* FirebaseAnalytics in Frameworks */ = {isa = PBXBuildFile; productRef = F6EFDA1D2981C2F300FC3CCB /* FirebaseAnalytics */; };
		F6EFDA202981C2F300FC3CCB /* FirebaseAuth in Frameworks */ = {isa = PBXBuildFile; productRef = F6EFDA1F2981C2F300FC3CCB /* FirebaseAuth */; };
		F6EFDA222981C2F300FC3CCB /* FirebaseDatabase in Frameworks */ = {isa = PBXBuildFile; productRef = F6EFDA212981C2F300FC3CCB /* FirebaseDatabase */; };
		F6EFDA242981C2F300FC3CCB /* FirebaseFirestore in Frameworks */ = {isa = PBXBuildFile; productRef = F6EFDA232981C2F300FC3CCB /* FirebaseFirestore */; };
		F6EFDA262981C2F300FC3CCB /* FirebaseStorage in Frameworks */ = {isa = PBXBuildFile; productRef = F6EFDA252981C2F300FC3CCB /* FirebaseStorage */; };
		F6EFDA292981C8B500FC3CCB /* AuthorizationManager.swift in Sources */ = {isa = PBXBuildFile; fileRef = F6EFDA282981C8B500FC3CCB /* AuthorizationManager.swift */; };
		F6EFDA2C2981CE4000FC3CCB /* FFWelcomePageViewController.swift in Sources */ = {isa = PBXBuildFile; fileRef = F6EFDA2B2981CE4000FC3CCB /* FFWelcomePageViewController.swift */; };
		F6EFDA2E2981E22100FC3CCB /* FFPhoneNumberViewController.swift in Sources */ = {isa = PBXBuildFile; fileRef = F6EFDA2D2981E22100FC3CCB /* FFPhoneNumberViewController.swift */; };
		F6EFDA302981E28300FC3CCB /* FFSmsCodeViewController.swift in Sources */ = {isa = PBXBuildFile; fileRef = F6EFDA2F2981E28200FC3CCB /* FFSmsCodeViewController.swift */; };
		F6F647DC29A108FA0028F76D /* Asset.swift in Sources */ = {isa = PBXBuildFile; fileRef = F6F647DB29A108FA0028F76D /* Asset.swift */; };
		F6FF105C2982C68900BD72CF /* FFBaseAuthViewController.swift in Sources */ = {isa = PBXBuildFile; fileRef = F6FF105B2982C68900BD72CF /* FFBaseAuthViewController.swift */; };
		F6FF106629843B9700BD72CF /* FFUserModel.swift in Sources */ = {isa = PBXBuildFile; fileRef = F6FF106529843B9700BD72CF /* FFUserModel.swift */; };
		F6FF10692984738100BD72CF /* FFUserInfoTableViewCell.swift in Sources */ = {isa = PBXBuildFile; fileRef = F6FF10682984738100BD72CF /* FFUserInfoTableViewCell.swift */; };
		F6FF106B2984842400BD72CF /* FFSettingsTableViewCell.swift in Sources */ = {isa = PBXBuildFile; fileRef = F6FF106A2984842400BD72CF /* FFSettingsTableViewCell.swift */; };
/* End PBXBuildFile section */

/* Begin PBXFileReference section */
		F65727F229E1A7DB00FA7B57 /* FoodContentsView.swift */ = {isa = PBXFileReference; lastKnownFileType = sourcecode.swift; path = FoodContentsView.swift; sourceTree = "<group>"; };
		F65727F429E1ABBF00FA7B57 /* MealsStatView.swift */ = {isa = PBXFileReference; lastKnownFileType = sourcecode.swift; path = MealsStatView.swift; sourceTree = "<group>"; };
		F65727F629E1B84500FA7B57 /* ProgressView.swift */ = {isa = PBXFileReference; lastKnownFileType = sourcecode.swift; path = ProgressView.swift; sourceTree = "<group>"; };
		F65727F829E2DF1300FA7B57 /* ArcProgressBarView.swift */ = {isa = PBXFileReference; lastKnownFileType = sourcecode.swift; path = ArcProgressBarView.swift; sourceTree = "<group>"; };
		F65727FA29E2F20300FA7B57 /* RoundProgressBarView.swift */ = {isa = PBXFileReference; lastKnownFileType = sourcecode.swift; path = RoundProgressBarView.swift; sourceTree = "<group>"; };
		F65F9D2929EDBED800CBF1D2 /* DishInfoCollectionViewCell.swift */ = {isa = PBXFileReference; lastKnownFileType = sourcecode.swift; path = DishInfoCollectionViewCell.swift; sourceTree = "<group>"; };
		F65F9D2B29EDCB3500CBF1D2 /* PopularMenusHeaderCell.swift */ = {isa = PBXFileReference; lastKnownFileType = sourcecode.swift; path = PopularMenusHeaderCell.swift; sourceTree = "<group>"; };
		F6622A4C29D22AD80097694F /* FFDailyStatCollectionViewCell.swift */ = {isa = PBXFileReference; lastKnownFileType = sourcecode.swift; path = FFDailyStatCollectionViewCell.swift; sourceTree = "<group>"; };
		F6622A4E29D22BF50097694F /* FFDailyWaterStatCollectionViewCell.swift */ = {isa = PBXFileReference; lastKnownFileType = sourcecode.swift; path = FFDailyWaterStatCollectionViewCell.swift; sourceTree = "<group>"; };
		F6622A5029D22C240097694F /* FFDailyStepsStatCollectionViewCell.swift */ = {isa = PBXFileReference; lastKnownFileType = sourcecode.swift; path = FFDailyStepsStatCollectionViewCell.swift; sourceTree = "<group>"; };
		F6622A5229D22C5B0097694F /* FFDailyFastingTimerCollectionViewCell.swift */ = {isa = PBXFileReference; lastKnownFileType = sourcecode.swift; path = FFDailyFastingTimerCollectionViewCell.swift; sourceTree = "<group>"; };
		F69E69A529F046F10032068E /* FFButton.swift */ = {isa = PBXFileReference; lastKnownFileType = sourcecode.swift; path = FFButton.swift; sourceTree = "<group>"; };
		F69E69A829F04CCB0032068E /* Meals.swift */ = {isa = PBXFileReference; lastKnownFileType = sourcecode.swift; path = Meals.swift; sourceTree = "<group>"; };
		F69E69AA29F0599E0032068E /* HeaderCollectionViewCell.swift */ = {isa = PBXFileReference; lastKnownFileType = sourcecode.swift; path = HeaderCollectionViewCell.swift; sourceTree = "<group>"; };
		F69E69AC29F061080032068E /* RecipesCategoriesCollectionViewCell.swift */ = {isa = PBXFileReference; lastKnownFileType = sourcecode.swift; path = RecipesCategoriesCollectionViewCell.swift; sourceTree = "<group>"; };
		F69E69AF29F06B770032068E /* ProductInfoTableViewCell.swift */ = {isa = PBXFileReference; lastKnownFileType = sourcecode.swift; path = ProductInfoTableViewCell.swift; sourceTree = "<group>"; };
		F6B700E7297199390066B975 /* FitFood_Application.app */ = {isa = PBXFileReference; explicitFileType = wrapper.application; includeInIndex = 0; path = FitFood_Application.app; sourceTree = BUILT_PRODUCTS_DIR; };
		F6B700EA297199390066B975 /* AppDelegate.swift */ = {isa = PBXFileReference; lastKnownFileType = sourcecode.swift; path = AppDelegate.swift; sourceTree = "<group>"; };
		F6B700EC297199390066B975 /* SceneDelegate.swift */ = {isa = PBXFileReference; lastKnownFileType = sourcecode.swift; path = SceneDelegate.swift; sourceTree = "<group>"; };
		F6B700EE297199390066B975 /* FFDailyViewController.swift */ = {isa = PBXFileReference; lastKnownFileType = sourcecode.swift; path = FFDailyViewController.swift; sourceTree = "<group>"; };
		F6B700F32971993B0066B975 /* Assets.xcassets */ = {isa = PBXFileReference; lastKnownFileType = folder.assetcatalog; path = Assets.xcassets; sourceTree = "<group>"; };
		F6B700F62971993B0066B975 /* Base */ = {isa = PBXFileReference; lastKnownFileType = file.storyboard; name = Base; path = Base.lproj/LaunchScreen.storyboard; sourceTree = "<group>"; };
		F6B700F82971993B0066B975 /* Info.plist */ = {isa = PBXFileReference; lastKnownFileType = text.plist.xml; path = Info.plist; sourceTree = "<group>"; };
		F6B7010429719B900066B975 /* FFTabBarController.swift */ = {isa = PBXFileReference; lastKnownFileType = sourcecode.swift; path = FFTabBarController.swift; sourceTree = "<group>"; };
		F6B701062971A0E60066B975 /* FFRecipesViewController.swift */ = {isa = PBXFileReference; lastKnownFileType = sourcecode.swift; path = FFRecipesViewController.swift; sourceTree = "<group>"; };
		F6B701082971A1590066B975 /* FFAddingViewController.swift */ = {isa = PBXFileReference; lastKnownFileType = sourcecode.swift; path = FFAddingViewController.swift; sourceTree = "<group>"; };
		F6B7010A2971A18B0066B975 /* FFFastingViewController.swift */ = {isa = PBXFileReference; lastKnownFileType = sourcecode.swift; path = FFFastingViewController.swift; sourceTree = "<group>"; };
		F6B7010C2971A1C70066B975 /* FFSettingsViewController.swift */ = {isa = PBXFileReference; lastKnownFileType = sourcecode.swift; path = FFSettingsViewController.swift; sourceTree = "<group>"; };
		F6B701112971A4E90066B975 /* Colors.xcassets */ = {isa = PBXFileReference; lastKnownFileType = folder.assetcatalog; path = Colors.xcassets; sourceTree = "<group>"; };
		F6B701152971A7520066B975 /* UIView+ext.swift */ = {isa = PBXFileReference; lastKnownFileType = sourcecode.swift; path = "UIView+ext.swift"; sourceTree = "<group>"; };
		F6B7011A2974727B0066B975 /* FFCalendarCollectionView.swift */ = {isa = PBXFileReference; lastKnownFileType = sourcecode.swift; path = FFCalendarCollectionView.swift; sourceTree = "<group>"; };
		F6B7011D297475280066B975 /* FFCalendarCollectionViewCell.swift */ = {isa = PBXFileReference; lastKnownFileType = sourcecode.swift; path = FFCalendarCollectionViewCell.swift; sourceTree = "<group>"; };
		F6B7011F2974A1FE0066B975 /* Date+ext.swift */ = {isa = PBXFileReference; lastKnownFileType = sourcecode.swift; path = "Date+ext.swift"; sourceTree = "<group>"; };
		F6B701212974A2B90066B975 /* FFCalendarModel.swift */ = {isa = PBXFileReference; lastKnownFileType = sourcecode.swift; path = FFCalendarModel.swift; sourceTree = "<group>"; };
		F6B701252974A4030066B975 /* FFDateModel.swift */ = {isa = PBXFileReference; lastKnownFileType = sourcecode.swift; path = FFDateModel.swift; sourceTree = "<group>"; };
		F6EFDA16298188D200FC3CCB /* FFBaseViewController.swift */ = {isa = PBXFileReference; lastKnownFileType = sourcecode.swift; path = FFBaseViewController.swift; sourceTree = "<group>"; };
		F6EFDA1A2981C11C00FC3CCB /* GoogleService-Info.plist */ = {isa = PBXFileReference; fileEncoding = 4; lastKnownFileType = text.plist.xml; path = "GoogleService-Info.plist"; sourceTree = "<group>"; };
		F6EFDA282981C8B500FC3CCB /* AuthorizationManager.swift */ = {isa = PBXFileReference; lastKnownFileType = sourcecode.swift; path = AuthorizationManager.swift; sourceTree = "<group>"; };
		F6EFDA2B2981CE4000FC3CCB /* FFWelcomePageViewController.swift */ = {isa = PBXFileReference; lastKnownFileType = sourcecode.swift; path = FFWelcomePageViewController.swift; sourceTree = "<group>"; };
		F6EFDA2D2981E22100FC3CCB /* FFPhoneNumberViewController.swift */ = {isa = PBXFileReference; lastKnownFileType = sourcecode.swift; path = FFPhoneNumberViewController.swift; sourceTree = "<group>"; };
		F6EFDA2F2981E28200FC3CCB /* FFSmsCodeViewController.swift */ = {isa = PBXFileReference; lastKnownFileType = sourcecode.swift; path = FFSmsCodeViewController.swift; sourceTree = "<group>"; };
		F6F647DB29A108FA0028F76D /* Asset.swift */ = {isa = PBXFileReference; lastKnownFileType = sourcecode.swift; path = Asset.swift; sourceTree = "<group>"; };
		F6FF105B2982C68900BD72CF /* FFBaseAuthViewController.swift */ = {isa = PBXFileReference; lastKnownFileType = sourcecode.swift; path = FFBaseAuthViewController.swift; sourceTree = "<group>"; };
		F6FF106529843B9700BD72CF /* FFUserModel.swift */ = {isa = PBXFileReference; lastKnownFileType = sourcecode.swift; path = FFUserModel.swift; sourceTree = "<group>"; };
		F6FF10682984738100BD72CF /* FFUserInfoTableViewCell.swift */ = {isa = PBXFileReference; lastKnownFileType = sourcecode.swift; path = FFUserInfoTableViewCell.swift; sourceTree = "<group>"; };
		F6FF106A2984842400BD72CF /* FFSettingsTableViewCell.swift */ = {isa = PBXFileReference; lastKnownFileType = sourcecode.swift; path = FFSettingsTableViewCell.swift; sourceTree = "<group>"; };
/* End PBXFileReference section */

/* Begin PBXFrameworksBuildPhase section */
		F6B700E4297199390066B975 /* Frameworks */ = {
			isa = PBXFrameworksBuildPhase;
			buildActionMask = 2147483647;
			files = (
				F6EFDA1E2981C2F300FC3CCB /* FirebaseAnalytics in Frameworks */,
				F6EFDA202981C2F300FC3CCB /* FirebaseAuth in Frameworks */,
				F6EFDA222981C2F300FC3CCB /* FirebaseDatabase in Frameworks */,
				F6EFDA242981C2F300FC3CCB /* FirebaseFirestore in Frameworks */,
				F65727FF29E44B6E00FA7B57 /* Atlantis in Frameworks */,
				F6B701192971A82F0066B975 /* SnapKit in Frameworks */,
				F6EFDA262981C2F300FC3CCB /* FirebaseStorage in Frameworks */,
			);
			runOnlyForDeploymentPostprocessing = 0;
		};
/* End PBXFrameworksBuildPhase section */

/* Begin PBXGroup section */
		F65727FC29E2FADF00FA7B57 /* Recipes */ = {
			isa = PBXGroup;
			children = (
				F65F9D2929EDBED800CBF1D2 /* DishInfoCollectionViewCell.swift */,
				F65F9D2B29EDCB3500CBF1D2 /* PopularMenusHeaderCell.swift */,
				F69E69AC29F061080032068E /* RecipesCategoriesCollectionViewCell.swift */,
			);
			path = Recipes;
			sourceTree = "<group>";
		};
		F6622A4429D21E3E0097694F /* Base */ = {
			isa = PBXGroup;
			children = (
				F6FF105B2982C68900BD72CF /* FFBaseAuthViewController.swift */,
			);
			path = Base;
			sourceTree = "<group>";
		};
		F6622A4529D229C50097694F /* Cells */ = {
			isa = PBXGroup;
			children = (
				F6622A4729D229F40097694F /* CollectionViewCells */,
				F6622A4629D229E30097694F /* TableViewCells */,
			);
			path = Cells;
			sourceTree = "<group>";
		};
		F6622A4629D229E30097694F /* TableViewCells */ = {
			isa = PBXGroup;
			children = (
				F6622A4829D22A030097694F /* Settings */,
			);
			path = TableViewCells;
			sourceTree = "<group>";
		};
		F6622A4729D229F40097694F /* CollectionViewCells */ = {
			isa = PBXGroup;
			children = (
				F6622A4B29D22A810097694F /* Daily */,
				F65727FC29E2FADF00FA7B57 /* Recipes */,
				F69E69AE29F06B2A0032068E /* Adding */,
				F69E69AA29F0599E0032068E /* HeaderCollectionViewCell.swift */,
			);
			path = CollectionViewCells;
			sourceTree = "<group>";
		};
		F6622A4829D22A030097694F /* Settings */ = {
			isa = PBXGroup;
			children = (
				F6FF10682984738100BD72CF /* FFUserInfoTableViewCell.swift */,
				F6FF106A2984842400BD72CF /* FFSettingsTableViewCell.swift */,
			);
			path = Settings;
			sourceTree = "<group>";
		};
		F6622A4A29D22A470097694F /* Calendar */ = {
			isa = PBXGroup;
			children = (
				F6B7011D297475280066B975 /* FFCalendarCollectionViewCell.swift */,
			);
			path = Calendar;
			sourceTree = "<group>";
		};
		F6622A4B29D22A810097694F /* Daily */ = {
			isa = PBXGroup;
			children = (
				F6622A4C29D22AD80097694F /* FFDailyStatCollectionViewCell.swift */,
				F6622A4E29D22BF50097694F /* FFDailyWaterStatCollectionViewCell.swift */,
				F6622A5029D22C240097694F /* FFDailyStepsStatCollectionViewCell.swift */,
				F6622A5229D22C5B0097694F /* FFDailyFastingTimerCollectionViewCell.swift */,
				F6622A4A29D22A470097694F /* Calendar */,
			);
			path = Daily;
			sourceTree = "<group>";
		};
		F69E69A729F04CAE0032068E /* Enums */ = {
			isa = PBXGroup;
			children = (
				F69E69A829F04CCB0032068E /* Meals.swift */,
			);
			path = Enums;
			sourceTree = "<group>";
		};
		F69E69AE29F06B2A0032068E /* Adding */ = {
			isa = PBXGroup;
			children = (
				F69E69AF29F06B770032068E /* ProductInfoTableViewCell.swift */,
			);
			path = Adding;
			sourceTree = "<group>";
		};
		F6B700DE297199390066B975 = {
			isa = PBXGroup;
			children = (
				F6B700E9297199390066B975 /* FitFood_Application */,
				F6B700E8297199390066B975 /* Products */,
			);
			sourceTree = "<group>";
		};
		F6B700E8297199390066B975 /* Products */ = {
			isa = PBXGroup;
			children = (
				F6B700E7297199390066B975 /* FitFood_Application.app */,
			);
			name = Products;
			sourceTree = "<group>";
		};
		F6B700E9297199390066B975 /* FitFood_Application */ = {
			isa = PBXGroup;
			children = (
				F6B700FE297199DB0066B975 /* APIClient */,
				F6B7010129719A1A0066B975 /* Managers */,
				F6B7010029719A0E0066B975 /* Models */,
				F69E69A729F04CAE0032068E /* Enums */,
				F6B7010229719A480066B975 /* Views */,
				F6622A4529D229C50097694F /* Cells */,
				F6B700FF297199F30066B975 /* Controllers */,
				F6B7010329719A610066B975 /* Resources */,
				F6B701142971A6FC0066B975 /* Extensions */,
			);
			path = FitFood_Application;
			sourceTree = "<group>";
		};
		F6B700FE297199DB0066B975 /* APIClient */ = {
			isa = PBXGroup;
			children = (
			);
			path = APIClient;
			sourceTree = "<group>";
		};
		F6B700FF297199F30066B975 /* Controllers */ = {
			isa = PBXGroup;
			children = (
				F6EFDA2A2981CDEE00FC3CCB /* Authorization */,
				F6EFDA15298188A300FC3CCB /* Core */,
				F6EFDA142981887D00FC3CCB /* Base */,
			);
			path = Controllers;
			sourceTree = "<group>";
		};
		F6B7010029719A0E0066B975 /* Models */ = {
			isa = PBXGroup;
			children = (
				F6FF106429843B7900BD72CF /* DataTypes */,
				F6FF10602984345E00BD72CF /* Calendar */,
			);
			path = Models;
			sourceTree = "<group>";
		};
		F6B7010129719A1A0066B975 /* Managers */ = {
			isa = PBXGroup;
			children = (
				F6EFDA282981C8B500FC3CCB /* AuthorizationManager.swift */,
			);
			path = Managers;
			sourceTree = "<group>";
		};
		F6B7010229719A480066B975 /* Views */ = {
			isa = PBXGroup;
			children = (
				F6EFDA13298185AC00FC3CCB /* Adding */,
				F6B701282974B5D40066B975 /* Daily */,
				F65727F229E1A7DB00FA7B57 /* FoodContentsView.swift */,
				F65727F429E1ABBF00FA7B57 /* MealsStatView.swift */,
				F65727F629E1B84500FA7B57 /* ProgressView.swift */,
				F65727F829E2DF1300FA7B57 /* ArcProgressBarView.swift */,
				F65727FA29E2F20300FA7B57 /* RoundProgressBarView.swift */,
				F69E69A529F046F10032068E /* FFButton.swift */,
			);
			path = Views;
			sourceTree = "<group>";
		};
		F6B7010329719A610066B975 /* Resources */ = {
			isa = PBXGroup;
			children = (
				F6B700EA297199390066B975 /* AppDelegate.swift */,
				F6B700EC297199390066B975 /* SceneDelegate.swift */,
				F6F647DB29A108FA0028F76D /* Asset.swift */,
				F6B700F32971993B0066B975 /* Assets.xcassets */,
				F6B701112971A4E90066B975 /* Colors.xcassets */,
				F6B700F52971993B0066B975 /* LaunchScreen.storyboard */,
				F6B700F82971993B0066B975 /* Info.plist */,
				F6EFDA1A2981C11C00FC3CCB /* GoogleService-Info.plist */,
			);
			path = Resources;
			sourceTree = "<group>";
		};
		F6B701142971A6FC0066B975 /* Extensions */ = {
			isa = PBXGroup;
			children = (
				F6B701152971A7520066B975 /* UIView+ext.swift */,
				F6B7011F2974A1FE0066B975 /* Date+ext.swift */,
			);
			path = Extensions;
			sourceTree = "<group>";
		};
		F6B701272974B5C30066B975 /* Calendar */ = {
			isa = PBXGroup;
			children = (
				F6B7011A2974727B0066B975 /* FFCalendarCollectionView.swift */,
			);
			path = Calendar;
			sourceTree = "<group>";
		};
		F6B701282974B5D40066B975 /* Daily */ = {
			isa = PBXGroup;
			children = (
				F6B701272974B5C30066B975 /* Calendar */,
			);
			path = Daily;
			sourceTree = "<group>";
		};
		F6EFDA13298185AC00FC3CCB /* Adding */ = {
			isa = PBXGroup;
			children = (
			);
			path = Adding;
			sourceTree = "<group>";
		};
		F6EFDA142981887D00FC3CCB /* Base */ = {
			isa = PBXGroup;
			children = (
				F6EFDA16298188D200FC3CCB /* FFBaseViewController.swift */,
			);
			path = Base;
			sourceTree = "<group>";
		};
		F6EFDA15298188A300FC3CCB /* Core */ = {
			isa = PBXGroup;
			children = (
				F6B700EE297199390066B975 /* FFDailyViewController.swift */,
				F6B701062971A0E60066B975 /* FFRecipesViewController.swift */,
				F6B701082971A1590066B975 /* FFAddingViewController.swift */,
				F6B7010A2971A18B0066B975 /* FFFastingViewController.swift */,
				F6B7010C2971A1C70066B975 /* FFSettingsViewController.swift */,
				F6B7010429719B900066B975 /* FFTabBarController.swift */,
			);
			path = Core;
			sourceTree = "<group>";
		};
		F6EFDA2A2981CDEE00FC3CCB /* Authorization */ = {
			isa = PBXGroup;
			children = (
				F6EFDA2B2981CE4000FC3CCB /* FFWelcomePageViewController.swift */,
				F6EFDA2D2981E22100FC3CCB /* FFPhoneNumberViewController.swift */,
				F6EFDA2F2981E28200FC3CCB /* FFSmsCodeViewController.swift */,
				F6622A4429D21E3E0097694F /* Base */,
			);
			path = Authorization;
			sourceTree = "<group>";
		};
		F6FF10602984345E00BD72CF /* Calendar */ = {
			isa = PBXGroup;
			children = (
				F6B701212974A2B90066B975 /* FFCalendarModel.swift */,
				F6B701252974A4030066B975 /* FFDateModel.swift */,
			);
			path = Calendar;
			sourceTree = "<group>";
		};
		F6FF106429843B7900BD72CF /* DataTypes */ = {
			isa = PBXGroup;
			children = (
				F6FF106529843B9700BD72CF /* FFUserModel.swift */,
			);
			path = DataTypes;
			sourceTree = "<group>";
		};
/* End PBXGroup section */

/* Begin PBXNativeTarget section */
		F6B700E6297199390066B975 /* FitFood_Application */ = {
			isa = PBXNativeTarget;
			buildConfigurationList = F6B700FB2971993B0066B975 /* Build configuration list for PBXNativeTarget "FitFood_Application" */;
			buildPhases = (
				F6B700E3297199390066B975 /* Sources */,
				F6B700E4297199390066B975 /* Frameworks */,
				F6B700E5297199390066B975 /* Resources */,
			);
			buildRules = (
			);
			dependencies = (
			);
			name = FitFood_Application;
			packageProductDependencies = (
				F6B701182971A82F0066B975 /* SnapKit */,
				F6EFDA1D2981C2F300FC3CCB /* FirebaseAnalytics */,
				F6EFDA1F2981C2F300FC3CCB /* FirebaseAuth */,
				F6EFDA212981C2F300FC3CCB /* FirebaseDatabase */,
				F6EFDA232981C2F300FC3CCB /* FirebaseFirestore */,
				F6EFDA252981C2F300FC3CCB /* FirebaseStorage */,
				F65727FE29E44B6E00FA7B57 /* Atlantis */,
			);
			productName = FitFood_Application;
			productReference = F6B700E7297199390066B975 /* FitFood_Application.app */;
			productType = "com.apple.product-type.application";
		};
/* End PBXNativeTarget section */

/* Begin PBXProject section */
		F6B700DF297199390066B975 /* Project object */ = {
			isa = PBXProject;
			attributes = {
				BuildIndependentTargetsInParallel = 1;
				LastSwiftUpdateCheck = 1420;
				LastUpgradeCheck = 1420;
				TargetAttributes = {
					F6B700E6297199390066B975 = {
						CreatedOnToolsVersion = 14.2;
					};
				};
			};
			buildConfigurationList = F6B700E2297199390066B975 /* Build configuration list for PBXProject "FitFood_Application" */;
			compatibilityVersion = "Xcode 14.0";
			developmentRegion = en;
			hasScannedForEncodings = 0;
			knownRegions = (
				en,
				Base,
			);
			mainGroup = F6B700DE297199390066B975;
			packageReferences = (
				F6B701172971A82F0066B975 /* XCRemoteSwiftPackageReference "SnapKit" */,
				F6EFDA1C2981C2F300FC3CCB /* XCRemoteSwiftPackageReference "firebase-ios-sdk" */,
				F65727FD29E44B6D00FA7B57 /* XCRemoteSwiftPackageReference "atlantis" */,
			);
			productRefGroup = F6B700E8297199390066B975 /* Products */;
			projectDirPath = "";
			projectRoot = "";
			targets = (
				F6B700E6297199390066B975 /* FitFood_Application */,
			);
		};
/* End PBXProject section */

/* Begin PBXResourcesBuildPhase section */
		F6B700E5297199390066B975 /* Resources */ = {
			isa = PBXResourcesBuildPhase;
			buildActionMask = 2147483647;
			files = (
				F6B701122971A4E90066B975 /* Colors.xcassets in Resources */,
				F6EFDA1B2981C11C00FC3CCB /* GoogleService-Info.plist in Resources */,
				F6B700F72971993B0066B975 /* LaunchScreen.storyboard in Resources */,
				F6B700F42971993B0066B975 /* Assets.xcassets in Resources */,
			);
			runOnlyForDeploymentPostprocessing = 0;
		};
/* End PBXResourcesBuildPhase section */

/* Begin PBXSourcesBuildPhase section */
		F6B700E3297199390066B975 /* Sources */ = {
			isa = PBXSourcesBuildPhase;
			buildActionMask = 2147483647;
			files = (
				F6FF106629843B9700BD72CF /* FFUserModel.swift in Sources */,
				F6B7011B2974727B0066B975 /* FFCalendarCollectionView.swift in Sources */,
				F6622A4D29D22AD80097694F /* FFDailyStatCollectionViewCell.swift in Sources */,
				F6B700EF297199390066B975 /* FFDailyViewController.swift in Sources */,
				F65727FB29E2F20300FA7B57 /* RoundProgressBarView.swift in Sources */,
				F6B701222974A2B90066B975 /* FFCalendarModel.swift in Sources */,
				F6B7011E297475280066B975 /* FFCalendarCollectionViewCell.swift in Sources */,
				F6B701202974A1FE0066B975 /* Date+ext.swift in Sources */,
				F65727F729E1B84500FA7B57 /* ProgressView.swift in Sources */,
				F69E69B029F06B770032068E /* ProductInfoTableViewCell.swift in Sources */,
				F6EFDA2E2981E22100FC3CCB /* FFPhoneNumberViewController.swift in Sources */,
				F6B701092971A1590066B975 /* FFAddingViewController.swift in Sources */,
				F69E69A929F04CCB0032068E /* Meals.swift in Sources */,
				F6B700EB297199390066B975 /* AppDelegate.swift in Sources */,
				F6FF10692984738100BD72CF /* FFUserInfoTableViewCell.swift in Sources */,
				F69E69AD29F061080032068E /* RecipesCategoriesCollectionViewCell.swift in Sources */,
				F6B7010B2971A18B0066B975 /* FFFastingViewController.swift in Sources */,
				F69E69AB29F0599E0032068E /* HeaderCollectionViewCell.swift in Sources */,
				F6B700ED297199390066B975 /* SceneDelegate.swift in Sources */,
				F65727F929E2DF1300FA7B57 /* ArcProgressBarView.swift in Sources */,
				F6FF105C2982C68900BD72CF /* FFBaseAuthViewController.swift in Sources */,
				F6B7010D2971A1C70066B975 /* FFSettingsViewController.swift in Sources */,
				F6EFDA292981C8B500FC3CCB /* AuthorizationManager.swift in Sources */,
				F6622A4F29D22BF50097694F /* FFDailyWaterStatCollectionViewCell.swift in Sources */,
				F65F9D2C29EDCB3500CBF1D2 /* PopularMenusHeaderCell.swift in Sources */,
				F6B701162971A7520066B975 /* UIView+ext.swift in Sources */,
				F6B701072971A0E60066B975 /* FFRecipesViewController.swift in Sources */,
				F6622A5329D22C5B0097694F /* FFDailyFastingTimerCollectionViewCell.swift in Sources */,
				F6F647DC29A108FA0028F76D /* Asset.swift in Sources */,
				F65F9D2A29EDBED800CBF1D2 /* DishInfoCollectionViewCell.swift in Sources */,
				F65727F529E1ABBF00FA7B57 /* MealsStatView.swift in Sources */,
				F6EFDA302981E28300FC3CCB /* FFSmsCodeViewController.swift in Sources */,
				F6B7010529719B900066B975 /* FFTabBarController.swift in Sources */,
				F69E69A629F046F10032068E /* FFButton.swift in Sources */,
				F6EFDA17298188D200FC3CCB /* FFBaseViewController.swift in Sources */,
				F6FF106B2984842400BD72CF /* FFSettingsTableViewCell.swift in Sources */,
				F6622A5129D22C240097694F /* FFDailyStepsStatCollectionViewCell.swift in Sources */,
				F6EFDA2C2981CE4000FC3CCB /* FFWelcomePageViewController.swift in Sources */,
				F65727F329E1A7DB00FA7B57 /* FoodContentsView.swift in Sources */,
				F6B701262974A4030066B975 /* FFDateModel.swift in Sources */,
			);
			runOnlyForDeploymentPostprocessing = 0;
		};
/* End PBXSourcesBuildPhase section */

/* Begin PBXVariantGroup section */
		F6B700F52971993B0066B975 /* LaunchScreen.storyboard */ = {
			isa = PBXVariantGroup;
			children = (
				F6B700F62971993B0066B975 /* Base */,
			);
			name = LaunchScreen.storyboard;
			sourceTree = "<group>";
		};
/* End PBXVariantGroup section */

/* Begin XCBuildConfiguration section */
		F6B700F92971993B0066B975 /* Debug */ = {
			isa = XCBuildConfiguration;
			buildSettings = {
				ALWAYS_SEARCH_USER_PATHS = NO;
				CLANG_ANALYZER_NONNULL = YES;
				CLANG_ANALYZER_NUMBER_OBJECT_CONVERSION = YES_AGGRESSIVE;
				CLANG_CXX_LANGUAGE_STANDARD = "gnu++20";
				CLANG_ENABLE_MODULES = YES;
				CLANG_ENABLE_OBJC_ARC = YES;
				CLANG_ENABLE_OBJC_WEAK = YES;
				CLANG_WARN_BLOCK_CAPTURE_AUTORELEASING = YES;
				CLANG_WARN_BOOL_CONVERSION = YES;
				CLANG_WARN_COMMA = YES;
				CLANG_WARN_CONSTANT_CONVERSION = YES;
				CLANG_WARN_DEPRECATED_OBJC_IMPLEMENTATIONS = YES;
				CLANG_WARN_DIRECT_OBJC_ISA_USAGE = YES_ERROR;
				CLANG_WARN_DOCUMENTATION_COMMENTS = YES;
				CLANG_WARN_EMPTY_BODY = YES;
				CLANG_WARN_ENUM_CONVERSION = YES;
				CLANG_WARN_INFINITE_RECURSION = YES;
				CLANG_WARN_INT_CONVERSION = YES;
				CLANG_WARN_NON_LITERAL_NULL_CONVERSION = YES;
				CLANG_WARN_OBJC_IMPLICIT_RETAIN_SELF = YES;
				CLANG_WARN_OBJC_LITERAL_CONVERSION = YES;
				CLANG_WARN_OBJC_ROOT_CLASS = YES_ERROR;
				CLANG_WARN_QUOTED_INCLUDE_IN_FRAMEWORK_HEADER = YES;
				CLANG_WARN_RANGE_LOOP_ANALYSIS = YES;
				CLANG_WARN_STRICT_PROTOTYPES = YES;
				CLANG_WARN_SUSPICIOUS_MOVE = YES;
				CLANG_WARN_UNGUARDED_AVAILABILITY = YES_AGGRESSIVE;
				CLANG_WARN_UNREACHABLE_CODE = YES;
				CLANG_WARN__DUPLICATE_METHOD_MATCH = YES;
				COPY_PHASE_STRIP = NO;
				DEBUG_INFORMATION_FORMAT = dwarf;
				ENABLE_STRICT_OBJC_MSGSEND = YES;
				ENABLE_TESTABILITY = YES;
				GCC_C_LANGUAGE_STANDARD = gnu11;
				GCC_DYNAMIC_NO_PIC = NO;
				GCC_NO_COMMON_BLOCKS = YES;
				GCC_OPTIMIZATION_LEVEL = 0;
				GCC_PREPROCESSOR_DEFINITIONS = (
					"DEBUG=1",
					"$(inherited)",
				);
				GCC_WARN_64_TO_32_BIT_CONVERSION = YES;
				GCC_WARN_ABOUT_RETURN_TYPE = YES_ERROR;
				GCC_WARN_UNDECLARED_SELECTOR = YES;
				GCC_WARN_UNINITIALIZED_AUTOS = YES_AGGRESSIVE;
				GCC_WARN_UNUSED_FUNCTION = YES;
				GCC_WARN_UNUSED_VARIABLE = YES;
				IPHONEOS_DEPLOYMENT_TARGET = 16.2;
				MTL_ENABLE_DEBUG_INFO = INCLUDE_SOURCE;
				MTL_FAST_MATH = YES;
				ONLY_ACTIVE_ARCH = YES;
				SDKROOT = iphoneos;
				SWIFT_ACTIVE_COMPILATION_CONDITIONS = DEBUG;
				SWIFT_OPTIMIZATION_LEVEL = "-Onone";
			};
			name = Debug;
		};
		F6B700FA2971993B0066B975 /* Release */ = {
			isa = XCBuildConfiguration;
			buildSettings = {
				ALWAYS_SEARCH_USER_PATHS = NO;
				CLANG_ANALYZER_NONNULL = YES;
				CLANG_ANALYZER_NUMBER_OBJECT_CONVERSION = YES_AGGRESSIVE;
				CLANG_CXX_LANGUAGE_STANDARD = "gnu++20";
				CLANG_ENABLE_MODULES = YES;
				CLANG_ENABLE_OBJC_ARC = YES;
				CLANG_ENABLE_OBJC_WEAK = YES;
				CLANG_WARN_BLOCK_CAPTURE_AUTORELEASING = YES;
				CLANG_WARN_BOOL_CONVERSION = YES;
				CLANG_WARN_COMMA = YES;
				CLANG_WARN_CONSTANT_CONVERSION = YES;
				CLANG_WARN_DEPRECATED_OBJC_IMPLEMENTATIONS = YES;
				CLANG_WARN_DIRECT_OBJC_ISA_USAGE = YES_ERROR;
				CLANG_WARN_DOCUMENTATION_COMMENTS = YES;
				CLANG_WARN_EMPTY_BODY = YES;
				CLANG_WARN_ENUM_CONVERSION = YES;
				CLANG_WARN_INFINITE_RECURSION = YES;
				CLANG_WARN_INT_CONVERSION = YES;
				CLANG_WARN_NON_LITERAL_NULL_CONVERSION = YES;
				CLANG_WARN_OBJC_IMPLICIT_RETAIN_SELF = YES;
				CLANG_WARN_OBJC_LITERAL_CONVERSION = YES;
				CLANG_WARN_OBJC_ROOT_CLASS = YES_ERROR;
				CLANG_WARN_QUOTED_INCLUDE_IN_FRAMEWORK_HEADER = YES;
				CLANG_WARN_RANGE_LOOP_ANALYSIS = YES;
				CLANG_WARN_STRICT_PROTOTYPES = YES;
				CLANG_WARN_SUSPICIOUS_MOVE = YES;
				CLANG_WARN_UNGUARDED_AVAILABILITY = YES_AGGRESSIVE;
				CLANG_WARN_UNREACHABLE_CODE = YES;
				CLANG_WARN__DUPLICATE_METHOD_MATCH = YES;
				COPY_PHASE_STRIP = NO;
				DEBUG_INFORMATION_FORMAT = "dwarf-with-dsym";
				ENABLE_NS_ASSERTIONS = NO;
				ENABLE_STRICT_OBJC_MSGSEND = YES;
				GCC_C_LANGUAGE_STANDARD = gnu11;
				GCC_NO_COMMON_BLOCKS = YES;
				GCC_WARN_64_TO_32_BIT_CONVERSION = YES;
				GCC_WARN_ABOUT_RETURN_TYPE = YES_ERROR;
				GCC_WARN_UNDECLARED_SELECTOR = YES;
				GCC_WARN_UNINITIALIZED_AUTOS = YES_AGGRESSIVE;
				GCC_WARN_UNUSED_FUNCTION = YES;
				GCC_WARN_UNUSED_VARIABLE = YES;
				IPHONEOS_DEPLOYMENT_TARGET = 16.2;
				MTL_ENABLE_DEBUG_INFO = NO;
				MTL_FAST_MATH = YES;
				SDKROOT = iphoneos;
				SWIFT_COMPILATION_MODE = wholemodule;
				SWIFT_OPTIMIZATION_LEVEL = "-O";
				VALIDATE_PRODUCT = YES;
			};
			name = Release;
		};
		F6B700FC2971993B0066B975 /* Debug */ = {
			isa = XCBuildConfiguration;
			buildSettings = {
				ASSETCATALOG_COMPILER_APPICON_NAME = AppIcon;
				ASSETCATALOG_COMPILER_GLOBAL_ACCENT_COLOR_NAME = AccentColor;
				CODE_SIGN_STYLE = Automatic;
				CURRENT_PROJECT_VERSION = 1;
				DEVELOPMENT_TEAM = CJAQY24NC2;
				GENERATE_INFOPLIST_FILE = YES;
				INFOPLIST_FILE = FitFood_Application/Resources/Info.plist;
				INFOPLIST_KEY_CFBundleDisplayName = FitFood;
				INFOPLIST_KEY_UIApplicationSupportsIndirectInputEvents = YES;
				INFOPLIST_KEY_UILaunchStoryboardName = LaunchScreen;
				INFOPLIST_KEY_UIMainStoryboardFile = "";
				INFOPLIST_KEY_UISupportedInterfaceOrientations = UIInterfaceOrientationPortrait;
				INFOPLIST_KEY_UISupportedInterfaceOrientations_iPad = "UIInterfaceOrientationLandscapeLeft UIInterfaceOrientationLandscapeRight UIInterfaceOrientationPortrait UIInterfaceOrientationPortraitUpsideDown";
				LD_RUNPATH_SEARCH_PATHS = (
					"$(inherited)",
					"@executable_path/Frameworks",
				);
				MARKETING_VERSION = 1.0;
				PRODUCT_BUNDLE_IDENTIFIER = "AG.FitFood-Application";
				PRODUCT_NAME = "$(TARGET_NAME)";
				SUPPORTED_PLATFORMS = "iphoneos iphonesimulator";
				SUPPORTS_MACCATALYST = NO;
				SUPPORTS_MAC_DESIGNED_FOR_IPHONE_IPAD = YES;
				SWIFT_EMIT_LOC_STRINGS = YES;
				SWIFT_VERSION = 5.0;
				TARGETED_DEVICE_FAMILY = 1;
			};
			name = Debug;
		};
		F6B700FD2971993B0066B975 /* Release */ = {
			isa = XCBuildConfiguration;
			buildSettings = {
				ASSETCATALOG_COMPILER_APPICON_NAME = AppIcon;
				ASSETCATALOG_COMPILER_GLOBAL_ACCENT_COLOR_NAME = AccentColor;
				CODE_SIGN_STYLE = Automatic;
				CURRENT_PROJECT_VERSION = 1;
				DEVELOPMENT_TEAM = CJAQY24NC2;
				GENERATE_INFOPLIST_FILE = YES;
				INFOPLIST_FILE = FitFood_Application/Resources/Info.plist;
				INFOPLIST_KEY_CFBundleDisplayName = FitFood;
				INFOPLIST_KEY_UIApplicationSupportsIndirectInputEvents = YES;
				INFOPLIST_KEY_UILaunchStoryboardName = LaunchScreen;
				INFOPLIST_KEY_UIMainStoryboardFile = "";
				INFOPLIST_KEY_UISupportedInterfaceOrientations = UIInterfaceOrientationPortrait;
				INFOPLIST_KEY_UISupportedInterfaceOrientations_iPad = "UIInterfaceOrientationLandscapeLeft UIInterfaceOrientationLandscapeRight UIInterfaceOrientationPortrait UIInterfaceOrientationPortraitUpsideDown";
				LD_RUNPATH_SEARCH_PATHS = (
					"$(inherited)",
					"@executable_path/Frameworks",
				);
				MARKETING_VERSION = 1.0;
				PRODUCT_BUNDLE_IDENTIFIER = "AG.FitFood-Application";
				PRODUCT_NAME = "$(TARGET_NAME)";
				SUPPORTED_PLATFORMS = "iphoneos iphonesimulator";
				SUPPORTS_MACCATALYST = NO;
				SUPPORTS_MAC_DESIGNED_FOR_IPHONE_IPAD = YES;
				SWIFT_EMIT_LOC_STRINGS = YES;
				SWIFT_VERSION = 5.0;
				TARGETED_DEVICE_FAMILY = 1;
			};
			name = Release;
		};
/* End XCBuildConfiguration section */

/* Begin XCConfigurationList section */
		F6B700E2297199390066B975 /* Build configuration list for PBXProject "FitFood_Application" */ = {
			isa = XCConfigurationList;
			buildConfigurations = (
				F6B700F92971993B0066B975 /* Debug */,
				F6B700FA2971993B0066B975 /* Release */,
			);
			defaultConfigurationIsVisible = 0;
			defaultConfigurationName = Release;
		};
		F6B700FB2971993B0066B975 /* Build configuration list for PBXNativeTarget "FitFood_Application" */ = {
			isa = XCConfigurationList;
			buildConfigurations = (
				F6B700FC2971993B0066B975 /* Debug */,
				F6B700FD2971993B0066B975 /* Release */,
			);
			defaultConfigurationIsVisible = 0;
			defaultConfigurationName = Release;
		};
/* End XCConfigurationList section */

/* Begin XCRemoteSwiftPackageReference section */
		F65727FD29E44B6D00FA7B57 /* XCRemoteSwiftPackageReference "atlantis" */ = {
			isa = XCRemoteSwiftPackageReference;
			repositoryURL = "https://github.com/ProxymanApp/atlantis";
			requirement = {
				kind = upToNextMajorVersion;
				minimumVersion = 1.21.0;
			};
		};
		F6B701172971A82F0066B975 /* XCRemoteSwiftPackageReference "SnapKit" */ = {
			isa = XCRemoteSwiftPackageReference;
			repositoryURL = "https://github.com/SnapKit/SnapKit.git";
			requirement = {
				kind = upToNextMajorVersion;
				minimumVersion = 5.0.0;
			};
		};
		F6EFDA1C2981C2F300FC3CCB /* XCRemoteSwiftPackageReference "firebase-ios-sdk" */ = {
			isa = XCRemoteSwiftPackageReference;
			repositoryURL = "https://github.com/firebase/firebase-ios-sdk";
			requirement = {
				kind = upToNextMajorVersion;
				minimumVersion = 9.0.0;
			};
		};
/* End XCRemoteSwiftPackageReference section */

/* Begin XCSwiftPackageProductDependency section */
		F65727FE29E44B6E00FA7B57 /* Atlantis */ = {
			isa = XCSwiftPackageProductDependency;
			package = F65727FD29E44B6D00FA7B57 /* XCRemoteSwiftPackageReference "atlantis" */;
			productName = Atlantis;
		};
		F6B701182971A82F0066B975 /* SnapKit */ = {
			isa = XCSwiftPackageProductDependency;
			package = F6B701172971A82F0066B975 /* XCRemoteSwiftPackageReference "SnapKit" */;
			productName = SnapKit;
		};
		F6EFDA1D2981C2F300FC3CCB /* FirebaseAnalytics */ = {
			isa = XCSwiftPackageProductDependency;
			package = F6EFDA1C2981C2F300FC3CCB /* XCRemoteSwiftPackageReference "firebase-ios-sdk" */;
			productName = FirebaseAnalytics;
		};
		F6EFDA1F2981C2F300FC3CCB /* FirebaseAuth */ = {
			isa = XCSwiftPackageProductDependency;
			package = F6EFDA1C2981C2F300FC3CCB /* XCRemoteSwiftPackageReference "firebase-ios-sdk" */;
			productName = FirebaseAuth;
		};
		F6EFDA212981C2F300FC3CCB /* FirebaseDatabase */ = {
			isa = XCSwiftPackageProductDependency;
			package = F6EFDA1C2981C2F300FC3CCB /* XCRemoteSwiftPackageReference "firebase-ios-sdk" */;
			productName = FirebaseDatabase;
		};
		F6EFDA232981C2F300FC3CCB /* FirebaseFirestore */ = {
			isa = XCSwiftPackageProductDependency;
			package = F6EFDA1C2981C2F300FC3CCB /* XCRemoteSwiftPackageReference "firebase-ios-sdk" */;
			productName = FirebaseFirestore;
		};
		F6EFDA252981C2F300FC3CCB /* FirebaseStorage */ = {
			isa = XCSwiftPackageProductDependency;
			package = F6EFDA1C2981C2F300FC3CCB /* XCRemoteSwiftPackageReference "firebase-ios-sdk" */;
			productName = FirebaseStorage;
		};
/* End XCSwiftPackageProductDependency section */
	};
	rootObject = F6B700DF297199390066B975 /* Project object */;
}
