// !$*UTF8*$!
{
	archiveVersion = 1;
	classes = {
	};
	objectVersion = 56;
	objects = {

/* Begin PBXBuildFile section */
		F6B700EB297199390066B975 /* AppDelegate.swift in Sources */ = {isa = PBXBuildFile; fileRef = F6B700EA297199390066B975 /* AppDelegate.swift */; };
		F6B700ED297199390066B975 /* SceneDelegate.swift in Sources */ = {isa = PBXBuildFile; fileRef = F6B700EC297199390066B975 /* SceneDelegate.swift */; };
		F6B700EF297199390066B975 /* FFDailyViewController.swift in Sources */ = {isa = PBXBuildFile; fileRef = F6B700EE297199390066B975 /* FFDailyViewController.swift */; };
		F6B700F42971993B0066B975 /* Assets.xcassets in Resources */ = {isa = PBXBuildFile; fileRef = F6B700F32971993B0066B975 /* Assets.xcassets */; };
		F6B700F72971993B0066B975 /* LaunchScreen.storyboard in Resources */ = {isa = PBXBuildFile; fileRef = F6B700F52971993B0066B975 /* LaunchScreen.storyboard */; };
		F6B7010529719B900066B975 /* FFTabBarController.swift in Sources */ = {isa = PBXBuildFile; fileRef = F6B7010429719B900066B975 /* FFTabBarController.swift */; };
		F6B701072971A0E60066B975 /* FFRecipesViewController.swift in Sources */ = {isa = PBXBuildFile; fileRef = F6B701062971A0E60066B975 /* FFRecipesViewController.swift */; };
		F6B701092971A1590066B975 /* FFAddingViewController.swift in Sources */ = {isa = PBXBuildFile; fileRef = F6B701082971A1590066B975 /* FFAddingViewController.swift */; };
		F6B7010B2971A18B0066B975 /* FFFastingViewController.swift in Sources */ = {isa = PBXBuildFile; fileRef = F6B7010A2971A18B0066B975 /* FFFastingViewController.swift */; };
		F6B7010D2971A1C70066B975 /* FFSettingsViewController.swift in Sources */ = {isa = PBXBuildFile; fileRef = F6B7010C2971A1C70066B975 /* FFSettingsViewController.swift */; };
		F6B701122971A4E90066B975 /* Colors.xcassets in Resources */ = {isa = PBXBuildFile; fileRef = F6B701112971A4E90066B975 /* Colors.xcassets */; };
		F6B701162971A7520066B975 /* UIView+ext.swift in Sources */ = {isa = PBXBuildFile; fileRef = F6B701152971A7520066B975 /* UIView+ext.swift */; };
		F6B701192971A82F0066B975 /* SnapKit in Frameworks */ = {isa = PBXBuildFile; productRef = F6B701182971A82F0066B975 /* SnapKit */; };
		F6B7011B2974727B0066B975 /* FFCalendarCollectionView.swift in Sources */ = {isa = PBXBuildFile; fileRef = F6B7011A2974727B0066B975 /* FFCalendarCollectionView.swift */; };
		F6B7011E297475280066B975 /* FFCalendarCollectionViewCell.swift in Sources */ = {isa = PBXBuildFile; fileRef = F6B7011D297475280066B975 /* FFCalendarCollectionViewCell.swift */; };
		F6B701202974A1FE0066B975 /* Date+ext.swift in Sources */ = {isa = PBXBuildFile; fileRef = F6B7011F2974A1FE0066B975 /* Date+ext.swift */; };
		F6B701222974A2B90066B975 /* FFCalendarModel.swift in Sources */ = {isa = PBXBuildFile; fileRef = F6B701212974A2B90066B975 /* FFCalendarModel.swift */; };
		F6B701262974A4030066B975 /* FFDateModel.swift in Sources */ = {isa = PBXBuildFile; fileRef = F6B701252974A4030066B975 /* FFDateModel.swift */; };
		F6B7012A2974B6060066B975 /* FFDailyTableView.swift in Sources */ = {isa = PBXBuildFile; fileRef = F6B701292974B6060066B975 /* FFDailyTableView.swift */; };
/* End PBXBuildFile section */

/* Begin PBXFileReference section */
		F6B700E7297199390066B975 /* FitFood_Application.app */ = {isa = PBXFileReference; explicitFileType = wrapper.application; includeInIndex = 0; path = FitFood_Application.app; sourceTree = BUILT_PRODUCTS_DIR; };
		F6B700EA297199390066B975 /* AppDelegate.swift */ = {isa = PBXFileReference; lastKnownFileType = sourcecode.swift; path = AppDelegate.swift; sourceTree = "<group>"; };
		F6B700EC297199390066B975 /* SceneDelegate.swift */ = {isa = PBXFileReference; lastKnownFileType = sourcecode.swift; path = SceneDelegate.swift; sourceTree = "<group>"; };
		F6B700EE297199390066B975 /* FFDailyViewController.swift */ = {isa = PBXFileReference; lastKnownFileType = sourcecode.swift; path = FFDailyViewController.swift; sourceTree = "<group>"; };
		F6B700F32971993B0066B975 /* Assets.xcassets */ = {isa = PBXFileReference; lastKnownFileType = folder.assetcatalog; path = Assets.xcassets; sourceTree = "<group>"; };
		F6B700F62971993B0066B975 /* Base */ = {isa = PBXFileReference; lastKnownFileType = file.storyboard; name = Base; path = Base.lproj/LaunchScreen.storyboard; sourceTree = "<group>"; };
		F6B700F82971993B0066B975 /* Info.plist */ = {isa = PBXFileReference; lastKnownFileType = text.plist.xml; path = Info.plist; sourceTree = "<group>"; };
		F6B7010429719B900066B975 /* FFTabBarController.swift */ = {isa = PBXFileReference; lastKnownFileType = sourcecode.swift; path = FFTabBarController.swift; sourceTree = "<group>"; };
		F6B701062971A0E60066B975 /* FFRecipesViewController.swift */ = {isa = PBXFileReference; lastKnownFileType = sourcecode.swift; path = FFRecipesViewController.swift; sourceTree = "<group>"; };
		F6B701082971A1590066B975 /* FFAddingViewController.swift */ = {isa = PBXFileReference; lastKnownFileType = sourcecode.swift; path = FFAddingViewController.swift; sourceTree = "<group>"; };
		F6B7010A2971A18B0066B975 /* FFFastingViewController.swift */ = {isa = PBXFileReference; lastKnownFileType = sourcecode.swift; path = FFFastingViewController.swift; sourceTree = "<group>"; };
		F6B7010C2971A1C70066B975 /* FFSettingsViewController.swift */ = {isa = PBXFileReference; lastKnownFileType = sourcecode.swift; path = FFSettingsViewController.swift; sourceTree = "<group>"; };
		F6B701112971A4E90066B975 /* Colors.xcassets */ = {isa = PBXFileReference; lastKnownFileType = folder.assetcatalog; path = Colors.xcassets; sourceTree = "<group>"; };
		F6B701152971A7520066B975 /* UIView+ext.swift */ = {isa = PBXFileReference; lastKnownFileType = sourcecode.swift; path = "UIView+ext.swift"; sourceTree = "<group>"; };
		F6B7011A2974727B0066B975 /* FFCalendarCollectionView.swift */ = {isa = PBXFileReference; lastKnownFileType = sourcecode.swift; path = FFCalendarCollectionView.swift; sourceTree = "<group>"; };
		F6B7011D297475280066B975 /* FFCalendarCollectionViewCell.swift */ = {isa = PBXFileReference; lastKnownFileType = sourcecode.swift; path = FFCalendarCollectionViewCell.swift; sourceTree = "<group>"; };
		F6B7011F2974A1FE0066B975 /* Date+ext.swift */ = {isa = PBXFileReference; lastKnownFileType = sourcecode.swift; path = "Date+ext.swift"; sourceTree = "<group>"; };
		F6B701212974A2B90066B975 /* FFCalendarModel.swift */ = {isa = PBXFileReference; lastKnownFileType = sourcecode.swift; path = FFCalendarModel.swift; sourceTree = "<group>"; };
		F6B701252974A4030066B975 /* FFDateModel.swift */ = {isa = PBXFileReference; lastKnownFileType = sourcecode.swift; path = FFDateModel.swift; sourceTree = "<group>"; };
		F6B701292974B6060066B975 /* FFDailyTableView.swift */ = {isa = PBXFileReference; lastKnownFileType = sourcecode.swift; path = FFDailyTableView.swift; sourceTree = "<group>"; };
/* End PBXFileReference section */

/* Begin PBXFrameworksBuildPhase section */
		F6B700E4297199390066B975 /* Frameworks */ = {
			isa = PBXFrameworksBuildPhase;
			buildActionMask = 2147483647;
			files = (
				F6B701192971A82F0066B975 /* SnapKit in Frameworks */,
			);
			runOnlyForDeploymentPostprocessing = 0;
		};
/* End PBXFrameworksBuildPhase section */

/* Begin PBXGroup section */
		F6B700DE297199390066B975 = {
			isa = PBXGroup;
			children = (
				F6B700E9297199390066B975 /* FitFood_Application */,
				F6B700E8297199390066B975 /* Products */,
			);
			sourceTree = "<group>";
		};
		F6B700E8297199390066B975 /* Products */ = {
			isa = PBXGroup;
			children = (
				F6B700E7297199390066B975 /* FitFood_Application.app */,
			);
			name = Products;
			sourceTree = "<group>";
		};
		F6B700E9297199390066B975 /* FitFood_Application */ = {
			isa = PBXGroup;
			children = (
				F6B700FE297199DB0066B975 /* APIClient */,
				F6B7010129719A1A0066B975 /* Managers */,
				F6B7010029719A0E0066B975 /* Models */,
				F6B7010229719A480066B975 /* Views */,
				F6B700FF297199F30066B975 /* Controllers */,
				F6B7010329719A610066B975 /* Resources */,
				F6B701142971A6FC0066B975 /* Extensions */,
			);
			path = FitFood_Application;
			sourceTree = "<group>";
		};
		F6B700FE297199DB0066B975 /* APIClient */ = {
			isa = PBXGroup;
			children = (
			);
			path = APIClient;
			sourceTree = "<group>";
		};
		F6B700FF297199F30066B975 /* Controllers */ = {
			isa = PBXGroup;
			children = (
				F6B700EE297199390066B975 /* FFDailyViewController.swift */,
				F6B701062971A0E60066B975 /* FFRecipesViewController.swift */,
				F6B701082971A1590066B975 /* FFAddingViewController.swift */,
				F6B7010A2971A18B0066B975 /* FFFastingViewController.swift */,
				F6B7010C2971A1C70066B975 /* FFSettingsViewController.swift */,
				F6B7010429719B900066B975 /* FFTabBarController.swift */,
			);
			path = Controllers;
			sourceTree = "<group>";
		};
		F6B7010029719A0E0066B975 /* Models */ = {
			isa = PBXGroup;
			children = (
				F6B701212974A2B90066B975 /* FFCalendarModel.swift */,
				F6B701252974A4030066B975 /* FFDateModel.swift */,
			);
			path = Models;
			sourceTree = "<group>";
		};
		F6B7010129719A1A0066B975 /* Managers */ = {
			isa = PBXGroup;
			children = (
			);
			path = Managers;
			sourceTree = "<group>";
		};
		F6B7010229719A480066B975 /* Views */ = {
			isa = PBXGroup;
			children = (
				F6B701282974B5D40066B975 /* Daily */,
			);
			path = Views;
			sourceTree = "<group>";
		};
		F6B7010329719A610066B975 /* Resources */ = {
			isa = PBXGroup;
			children = (
				F6B700EA297199390066B975 /* AppDelegate.swift */,
				F6B700EC297199390066B975 /* SceneDelegate.swift */,
				F6B700F32971993B0066B975 /* Assets.xcassets */,
				F6B701112971A4E90066B975 /* Colors.xcassets */,
				F6B700F52971993B0066B975 /* LaunchScreen.storyboard */,
				F6B700F82971993B0066B975 /* Info.plist */,
			);
			path = Resources;
			sourceTree = "<group>";
		};
		F6B701142971A6FC0066B975 /* Extensions */ = {
			isa = PBXGroup;
			children = (
				F6B701152971A7520066B975 /* UIView+ext.swift */,
				F6B7011F2974A1FE0066B975 /* Date+ext.swift */,
			);
			path = Extensions;
			sourceTree = "<group>";
		};
		F6B7011C297475010066B975 /* Cells */ = {
			isa = PBXGroup;
			children = (
				F6B7011D297475280066B975 /* FFCalendarCollectionViewCell.swift */,
			);
			path = Cells;
			sourceTree = "<group>";
		};
		F6B701272974B5C30066B975 /* Calendar */ = {
			isa = PBXGroup;
			children = (
				F6B7011A2974727B0066B975 /* FFCalendarCollectionView.swift */,
				F6B7011C297475010066B975 /* Cells */,
			);
			path = Calendar;
			sourceTree = "<group>";
		};
		F6B701282974B5D40066B975 /* Daily */ = {
			isa = PBXGroup;
			children = (
				F6B701292974B6060066B975 /* FFDailyTableView.swift */,
				F6B701272974B5C30066B975 /* Calendar */,
			);
			path = Daily;
			sourceTree = "<group>";
		};
/* End PBXGroup section */

/* Begin PBXNativeTarget section */
		F6B700E6297199390066B975 /* FitFood_Application */ = {
			isa = PBXNativeTarget;
			buildConfigurationList = F6B700FB2971993B0066B975 /* Build configuration list for PBXNativeTarget "FitFood_Application" */;
			buildPhases = (
				F6B700E3297199390066B975 /* Sources */,
				F6B700E4297199390066B975 /* Frameworks */,
				F6B700E5297199390066B975 /* Resources */,
			);
			buildRules = (
			);
			dependencies = (
			);
			name = FitFood_Application;
			packageProductDependencies = (
				F6B701182971A82F0066B975 /* SnapKit */,
			);
			productName = FitFood_Application;
			productReference = F6B700E7297199390066B975 /* FitFood_Application.app */;
			productType = "com.apple.product-type.application";
		};
/* End PBXNativeTarget section */

/* Begin PBXProject section */
		F6B700DF297199390066B975 /* Project object */ = {
			isa = PBXProject;
			attributes = {
				BuildIndependentTargetsInParallel = 1;
				LastSwiftUpdateCheck = 1420;
				LastUpgradeCheck = 1420;
				TargetAttributes = {
					F6B700E6297199390066B975 = {
						CreatedOnToolsVersion = 14.2;
					};
				};
			};
			buildConfigurationList = F6B700E2297199390066B975 /* Build configuration list for PBXProject "FitFood_Application" */;
			compatibilityVersion = "Xcode 14.0";
			developmentRegion = en;
			hasScannedForEncodings = 0;
			knownRegions = (
				en,
				Base,
			);
			mainGroup = F6B700DE297199390066B975;
			packageReferences = (
				F6B701172971A82F0066B975 /* XCRemoteSwiftPackageReference "SnapKit" */,
			);
			productRefGroup = F6B700E8297199390066B975 /* Products */;
			projectDirPath = "";
			projectRoot = "";
			targets = (
				F6B700E6297199390066B975 /* FitFood_Application */,
			);
		};
/* End PBXProject section */

/* Begin PBXResourcesBuildPhase section */
		F6B700E5297199390066B975 /* Resources */ = {
			isa = PBXResourcesBuildPhase;
			buildActionMask = 2147483647;
			files = (
				F6B701122971A4E90066B975 /* Colors.xcassets in Resources */,
				F6B700F72971993B0066B975 /* LaunchScreen.storyboard in Resources */,
				F6B700F42971993B0066B975 /* Assets.xcassets in Resources */,
			);
			runOnlyForDeploymentPostprocessing = 0;
		};
/* End PBXResourcesBuildPhase section */

/* Begin PBXSourcesBuildPhase section */
		F6B700E3297199390066B975 /* Sources */ = {
			isa = PBXSourcesBuildPhase;
			buildActionMask = 2147483647;
			files = (
				F6B7011B2974727B0066B975 /* FFCalendarCollectionView.swift in Sources */,
				F6B700EF297199390066B975 /* FFDailyViewController.swift in Sources */,
				F6B701222974A2B90066B975 /* FFCalendarModel.swift in Sources */,
				F6B7011E297475280066B975 /* FFCalendarCollectionViewCell.swift in Sources */,
				F6B701202974A1FE0066B975 /* Date+ext.swift in Sources */,
				F6B701092971A1590066B975 /* FFAddingViewController.swift in Sources */,
				F6B700EB297199390066B975 /* AppDelegate.swift in Sources */,
				F6B7010B2971A18B0066B975 /* FFFastingViewController.swift in Sources */,
				F6B700ED297199390066B975 /* SceneDelegate.swift in Sources */,
				F6B7010D2971A1C70066B975 /* FFSettingsViewController.swift in Sources */,
				F6B701162971A7520066B975 /* UIView+ext.swift in Sources */,
				F6B701072971A0E60066B975 /* FFRecipesViewController.swift in Sources */,
				F6B7010529719B900066B975 /* FFTabBarController.swift in Sources */,
				F6B7012A2974B6060066B975 /* FFDailyTableView.swift in Sources */,
				F6B701262974A4030066B975 /* FFDateModel.swift in Sources */,
			);
			runOnlyForDeploymentPostprocessing = 0;
		};
/* End PBXSourcesBuildPhase section */

/* Begin PBXVariantGroup section */
		F6B700F52971993B0066B975 /* LaunchScreen.storyboard */ = {
			isa = PBXVariantGroup;
			children = (
				F6B700F62971993B0066B975 /* Base */,
			);
			name = LaunchScreen.storyboard;
			sourceTree = "<group>";
		};
/* End PBXVariantGroup section */

/* Begin XCBuildConfiguration section */
		F6B700F92971993B0066B975 /* Debug */ = {
			isa = XCBuildConfiguration;
			buildSettings = {
				ALWAYS_SEARCH_USER_PATHS = NO;
				CLANG_ANALYZER_NONNULL = YES;
				CLANG_ANALYZER_NUMBER_OBJECT_CONVERSION = YES_AGGRESSIVE;
				CLANG_CXX_LANGUAGE_STANDARD = "gnu++20";
				CLANG_ENABLE_MODULES = YES;
				CLANG_ENABLE_OBJC_ARC = YES;
				CLANG_ENABLE_OBJC_WEAK = YES;
				CLANG_WARN_BLOCK_CAPTURE_AUTORELEASING = YES;
				CLANG_WARN_BOOL_CONVERSION = YES;
				CLANG_WARN_COMMA = YES;
				CLANG_WARN_CONSTANT_CONVERSION = YES;
				CLANG_WARN_DEPRECATED_OBJC_IMPLEMENTATIONS = YES;
				CLANG_WARN_DIRECT_OBJC_ISA_USAGE = YES_ERROR;
				CLANG_WARN_DOCUMENTATION_COMMENTS = YES;
				CLANG_WARN_EMPTY_BODY = YES;
				CLANG_WARN_ENUM_CONVERSION = YES;
				CLANG_WARN_INFINITE_RECURSION = YES;
				CLANG_WARN_INT_CONVERSION = YES;
				CLANG_WARN_NON_LITERAL_NULL_CONVERSION = YES;
				CLANG_WARN_OBJC_IMPLICIT_RETAIN_SELF = YES;
				CLANG_WARN_OBJC_LITERAL_CONVERSION = YES;
				CLANG_WARN_OBJC_ROOT_CLASS = YES_ERROR;
				CLANG_WARN_QUOTED_INCLUDE_IN_FRAMEWORK_HEADER = YES;
				CLANG_WARN_RANGE_LOOP_ANALYSIS = YES;
				CLANG_WARN_STRICT_PROTOTYPES = YES;
				CLANG_WARN_SUSPICIOUS_MOVE = YES;
				CLANG_WARN_UNGUARDED_AVAILABILITY = YES_AGGRESSIVE;
				CLANG_WARN_UNREACHABLE_CODE = YES;
				CLANG_WARN__DUPLICATE_METHOD_MATCH = YES;
				COPY_PHASE_STRIP = NO;
				DEBUG_INFORMATION_FORMAT = dwarf;
				ENABLE_STRICT_OBJC_MSGSEND = YES;
				ENABLE_TESTABILITY = YES;
				GCC_C_LANGUAGE_STANDARD = gnu11;
				GCC_DYNAMIC_NO_PIC = NO;
				GCC_NO_COMMON_BLOCKS = YES;
				GCC_OPTIMIZATION_LEVEL = 0;
				GCC_PREPROCESSOR_DEFINITIONS = (
					"DEBUG=1",
					"$(inherited)",
				);
				GCC_WARN_64_TO_32_BIT_CONVERSION = YES;
				GCC_WARN_ABOUT_RETURN_TYPE = YES_ERROR;
				GCC_WARN_UNDECLARED_SELECTOR = YES;
				GCC_WARN_UNINITIALIZED_AUTOS = YES_AGGRESSIVE;
				GCC_WARN_UNUSED_FUNCTION = YES;
				GCC_WARN_UNUSED_VARIABLE = YES;
				IPHONEOS_DEPLOYMENT_TARGET = 16.2;
				MTL_ENABLE_DEBUG_INFO = INCLUDE_SOURCE;
				MTL_FAST_MATH = YES;
				ONLY_ACTIVE_ARCH = YES;
				SDKROOT = iphoneos;
				SWIFT_ACTIVE_COMPILATION_CONDITIONS = DEBUG;
				SWIFT_OPTIMIZATION_LEVEL = "-Onone";
			};
			name = Debug;
		};
		F6B700FA2971993B0066B975 /* Release */ = {
			isa = XCBuildConfiguration;
			buildSettings = {
				ALWAYS_SEARCH_USER_PATHS = NO;
				CLANG_ANALYZER_NONNULL = YES;
				CLANG_ANALYZER_NUMBER_OBJECT_CONVERSION = YES_AGGRESSIVE;
				CLANG_CXX_LANGUAGE_STANDARD = "gnu++20";
				CLANG_ENABLE_MODULES = YES;
				CLANG_ENABLE_OBJC_ARC = YES;
				CLANG_ENABLE_OBJC_WEAK = YES;
				CLANG_WARN_BLOCK_CAPTURE_AUTORELEASING = YES;
				CLANG_WARN_BOOL_CONVERSION = YES;
				CLANG_WARN_COMMA = YES;
				CLANG_WARN_CONSTANT_CONVERSION = YES;
				CLANG_WARN_DEPRECATED_OBJC_IMPLEMENTATIONS = YES;
				CLANG_WARN_DIRECT_OBJC_ISA_USAGE = YES_ERROR;
				CLANG_WARN_DOCUMENTATION_COMMENTS = YES;
				CLANG_WARN_EMPTY_BODY = YES;
				CLANG_WARN_ENUM_CONVERSION = YES;
				CLANG_WARN_INFINITE_RECURSION = YES;
				CLANG_WARN_INT_CONVERSION = YES;
				CLANG_WARN_NON_LITERAL_NULL_CONVERSION = YES;
				CLANG_WARN_OBJC_IMPLICIT_RETAIN_SELF = YES;
				CLANG_WARN_OBJC_LITERAL_CONVERSION = YES;
				CLANG_WARN_OBJC_ROOT_CLASS = YES_ERROR;
				CLANG_WARN_QUOTED_INCLUDE_IN_FRAMEWORK_HEADER = YES;
				CLANG_WARN_RANGE_LOOP_ANALYSIS = YES;
				CLANG_WARN_STRICT_PROTOTYPES = YES;
				CLANG_WARN_SUSPICIOUS_MOVE = YES;
				CLANG_WARN_UNGUARDED_AVAILABILITY = YES_AGGRESSIVE;
				CLANG_WARN_UNREACHABLE_CODE = YES;
				CLANG_WARN__DUPLICATE_METHOD_MATCH = YES;
				COPY_PHASE_STRIP = NO;
				DEBUG_INFORMATION_FORMAT = "dwarf-with-dsym";
				ENABLE_NS_ASSERTIONS = NO;
				ENABLE_STRICT_OBJC_MSGSEND = YES;
				GCC_C_LANGUAGE_STANDARD = gnu11;
				GCC_NO_COMMON_BLOCKS = YES;
				GCC_WARN_64_TO_32_BIT_CONVERSION = YES;
				GCC_WARN_ABOUT_RETURN_TYPE = YES_ERROR;
				GCC_WARN_UNDECLARED_SELECTOR = YES;
				GCC_WARN_UNINITIALIZED_AUTOS = YES_AGGRESSIVE;
				GCC_WARN_UNUSED_FUNCTION = YES;
				GCC_WARN_UNUSED_VARIABLE = YES;
				IPHONEOS_DEPLOYMENT_TARGET = 16.2;
				MTL_ENABLE_DEBUG_INFO = NO;
				MTL_FAST_MATH = YES;
				SDKROOT = iphoneos;
				SWIFT_COMPILATION_MODE = wholemodule;
				SWIFT_OPTIMIZATION_LEVEL = "-O";
				VALIDATE_PRODUCT = YES;
			};
			name = Release;
		};
		F6B700FC2971993B0066B975 /* Debug */ = {
			isa = XCBuildConfiguration;
			buildSettings = {
				ASSETCATALOG_COMPILER_APPICON_NAME = AppIcon;
				ASSETCATALOG_COMPILER_GLOBAL_ACCENT_COLOR_NAME = AccentColor;
				CODE_SIGN_STYLE = Automatic;
				CURRENT_PROJECT_VERSION = 1;
				DEVELOPMENT_TEAM = CJAQY24NC2;
				GENERATE_INFOPLIST_FILE = YES;
				INFOPLIST_FILE = FitFood_Application/Resources/Info.plist;
				INFOPLIST_KEY_UIApplicationSupportsIndirectInputEvents = YES;
				INFOPLIST_KEY_UILaunchStoryboardName = LaunchScreen;
				INFOPLIST_KEY_UIMainStoryboardFile = "";
				INFOPLIST_KEY_UISupportedInterfaceOrientations_iPad = "UIInterfaceOrientationPortrait UIInterfaceOrientationPortraitUpsideDown UIInterfaceOrientationLandscapeLeft UIInterfaceOrientationLandscapeRight";
				INFOPLIST_KEY_UISupportedInterfaceOrientations_iPhone = "UIInterfaceOrientationPortrait UIInterfaceOrientationLandscapeLeft UIInterfaceOrientationLandscapeRight";
				LD_RUNPATH_SEARCH_PATHS = (
					"$(inherited)",
					"@executable_path/Frameworks",
				);
				MARKETING_VERSION = 1.0;
				PRODUCT_BUNDLE_IDENTIFIER = "AG.FitFood-Application";
				PRODUCT_NAME = "$(TARGET_NAME)";
				SWIFT_EMIT_LOC_STRINGS = YES;
				SWIFT_VERSION = 5.0;
				TARGETED_DEVICE_FAMILY = "1,2";
			};
			name = Debug;
		};
		F6B700FD2971993B0066B975 /* Release */ = {
			isa = XCBuildConfiguration;
			buildSettings = {
				ASSETCATALOG_COMPILER_APPICON_NAME = AppIcon;
				ASSETCATALOG_COMPILER_GLOBAL_ACCENT_COLOR_NAME = AccentColor;
				CODE_SIGN_STYLE = Automatic;
				CURRENT_PROJECT_VERSION = 1;
				DEVELOPMENT_TEAM = CJAQY24NC2;
				GENERATE_INFOPLIST_FILE = YES;
				INFOPLIST_FILE = FitFood_Application/Resources/Info.plist;
				INFOPLIST_KEY_UIApplicationSupportsIndirectInputEvents = YES;
				INFOPLIST_KEY_UILaunchStoryboardName = LaunchScreen;
				INFOPLIST_KEY_UIMainStoryboardFile = "";
				INFOPLIST_KEY_UISupportedInterfaceOrientations_iPad = "UIInterfaceOrientationPortrait UIInterfaceOrientationPortraitUpsideDown UIInterfaceOrientationLandscapeLeft UIInterfaceOrientationLandscapeRight";
				INFOPLIST_KEY_UISupportedInterfaceOrientations_iPhone = "UIInterfaceOrientationPortrait UIInterfaceOrientationLandscapeLeft UIInterfaceOrientationLandscapeRight";
				LD_RUNPATH_SEARCH_PATHS = (
					"$(inherited)",
					"@executable_path/Frameworks",
				);
				MARKETING_VERSION = 1.0;
				PRODUCT_BUNDLE_IDENTIFIER = "AG.FitFood-Application";
				PRODUCT_NAME = "$(TARGET_NAME)";
				SWIFT_EMIT_LOC_STRINGS = YES;
				SWIFT_VERSION = 5.0;
				TARGETED_DEVICE_FAMILY = "1,2";
			};
			name = Release;
		};
/* End XCBuildConfiguration section */

/* Begin XCConfigurationList section */
		F6B700E2297199390066B975 /* Build configuration list for PBXProject "FitFood_Application" */ = {
			isa = XCConfigurationList;
			buildConfigurations = (
				F6B700F92971993B0066B975 /* Debug */,
				F6B700FA2971993B0066B975 /* Release */,
			);
			defaultConfigurationIsVisible = 0;
			defaultConfigurationName = Release;
		};
		F6B700FB2971993B0066B975 /* Build configuration list for PBXNativeTarget "FitFood_Application" */ = {
			isa = XCConfigurationList;
			buildConfigurations = (
				F6B700FC2971993B0066B975 /* Debug */,
				F6B700FD2971993B0066B975 /* Release */,
			);
			defaultConfigurationIsVisible = 0;
			defaultConfigurationName = Release;
		};
/* End XCConfigurationList section */

/* Begin XCRemoteSwiftPackageReference section */
		F6B701172971A82F0066B975 /* XCRemoteSwiftPackageReference "SnapKit" */ = {
			isa = XCRemoteSwiftPackageReference;
			repositoryURL = "https://github.com/SnapKit/SnapKit.git";
			requirement = {
				kind = upToNextMajorVersion;
				minimumVersion = 5.0.0;
			};
		};
/* End XCRemoteSwiftPackageReference section */

/* Begin XCSwiftPackageProductDependency section */
		F6B701182971A82F0066B975 /* SnapKit */ = {
			isa = XCSwiftPackageProductDependency;
			package = F6B701172971A82F0066B975 /* XCRemoteSwiftPackageReference "SnapKit" */;
			productName = SnapKit;
		};
/* End XCSwiftPackageProductDependency section */
	};
	rootObject = F6B700DF297199390066B975 /* Project object */;
}
